
Microsoft Visual Studio Solution File, Format Version 12.00
# Visual Studio 15
Project("{FAE04EC0-301F-11D3-BF4B-00C04F79EFBC}") = "App", "App\App.csproj", "{D6C1A87D-B167-4276-A54F-1AF93AFD4A9A}"
EndProject
Global
	GlobalSection(SolutionConfigurationPlatforms) = preSolution
		Debug|Any CPU = Debug|Any CPU
		Release|Any CPU = Release|Any CPU
	EndGlobalSection
	GlobalSection(ProjectConfigurationPlatforms) = postSolution
		{D6C1A87D-B167-4276-A54F-1AF93AFD4A9A}.Debug|Any CPU.ActiveCfg = Debug|Any CPU
		{D6C1A87D-B167-4276-A54F-1AF93AFD4A9A}.Debug|Any CPU.Build.0 = Debug|Any CPU
		{D6C1A87D-B167-4276-A54F-1AF93AFD4A9A}.Release|Any CPU.ActiveCfg = Release|Any CPU
		{D6C1A87D-B167-4276-A54F-1AF93AFD4A9A}.Release|Any CPU.Build.0 = Release|Any CPU
	EndGlobalSection
EndGlobal
